
Microsoft Visual Studio Solution File, Format Version 12.00
# Visual Studio Version 17
VisualStudioVersion = 17.8.34525.116
MinimumVisualStudioVersion = 10.0.40219.1
Project("{FAE04EC0-301F-11D3-BF4B-00C04F79EFBC}") = "Core", "Core\Core.csproj", "{59B5F096-B75C-4E9B-952D-85F0A2BA7101}"
EndProject
Project("{FAE04EC0-301F-11D3-BF4B-00C04F79EFBC}") = "Client", "Client\Client.csproj", "{FE9C1FEE-DEFA-43C0-91C7-0D84F4A4F4A4}"
EndProject
Global
	GlobalSection(SolutionConfigurationPlatforms) = preSolution
		Debug|Any CPU = Debug|Any CPU
		Release|Any CPU = Release|Any CPU
	EndGlobalSection
	GlobalSection(ProjectConfigurationPlatforms) = postSolution
		{59B5F096-B75C-4E9B-952D-85F0A2BA7101}.Debug|Any CPU.ActiveCfg = Debug|Any CPU
		{59B5F096-B75C-4E9B-952D-85F0A2BA7101}.Debug|Any CPU.Build.0 = Debug|Any CPU
		{59B5F096-B75C-4E9B-952D-85F0A2BA7101}.Release|Any CPU.ActiveCfg = Release|Any CPU
		{59B5F096-B75C-4E9B-952D-85F0A2BA7101}.Release|Any CPU.Build.0 = Release|Any CPU
		{FE9C1FEE-DEFA-43C0-91C7-0D84F4A4F4A4}.Debug|Any CPU.ActiveCfg = Debug|Any CPU
		{FE9C1FEE-DEFA-43C0-91C7-0D84F4A4F4A4}.Debug|Any CPU.Build.0 = Debug|Any CPU
		{FE9C1FEE-DEFA-43C0-91C7-0D84F4A4F4A4}.Release|Any CPU.ActiveCfg = Release|Any CPU
		{FE9C1FEE-DEFA-43C0-91C7-0D84F4A4F4A4}.Release|Any CPU.Build.0 = Release|Any CPU
	EndGlobalSection
	GlobalSection(SolutionProperties) = preSolution
		HideSolutionNode = FALSE
	EndGlobalSection
	GlobalSection(ExtensibilityGlobals) = postSolution
		SolutionGuid = {554C600B-5BA2-42B3-921E-4C02DDBCB50E}
	EndGlobalSection
EndGlobal
